
Microsoft Visual Studio Solution File, Format Version 12.00
# Visual Studio Version 17
VisualStudioVersion = 17.8.34525.116
MinimumVisualStudioVersion = 10.0.40219.1
Project("{FAE04EC0-301F-11D3-BF4B-00C04F79EFBC}") = "ContacsAPI", "ContacsAPI\ContacsAPI.csproj", "{32150AF1-47FB-4A88-9F39-58D90B2B04B9}"
EndProject
Global
	GlobalSection(SolutionConfigurationPlatforms) = preSolution
		Debug|Any CPU = Debug|Any CPU
		Release|Any CPU = Release|Any CPU
	EndGlobalSection
	GlobalSection(ProjectConfigurationPlatforms) = postSolution
		{32150AF1-47FB-4A88-9F39-58D90B2B04B9}.Debug|Any CPU.ActiveCfg = Debug|Any CPU
		{32150AF1-47FB-4A88-9F39-58D90B2B04B9}.Debug|Any CPU.Build.0 = Debug|Any CPU
		{32150AF1-47FB-4A88-9F39-58D90B2B04B9}.Release|Any CPU.ActiveCfg = Release|Any CPU
		{32150AF1-47FB-4A88-9F39-58D90B2B04B9}.Release|Any CPU.Build.0 = Release|Any CPU
	EndGlobalSection
	GlobalSection(SolutionProperties) = preSolution
		HideSolutionNode = FALSE
	EndGlobalSection
	GlobalSection(ExtensibilityGlobals) = postSolution
		SolutionGuid = {29BE1E26-D073-4724-AF30-A9B749A6C517}
	EndGlobalSection
EndGlobal
